<?xml version="1.0" encoding="utf-8"?>
<Project ToolsVersion="18.0" xmlns="http://schemas.microsoft.com/developer/msbuild/2003">
  <ItemGroup>
    <ClCompile Include="E:\files\Semantic Navigation\planner\native_ego\tests\test_core.cpp">
      <Filter>Source Files</Filter>
    </ClCompile>
    <ClCompile Include="E:\files\Semantic Navigation\planner\native_ego\src\ego_planner.cpp">
      <Filter>Source Files</Filter>
    </ClCompile>
  </ItemGroup>
  <ItemGroup>
    <CustomBuild Include="E:\files\Semantic Navigation\planner\native_ego\CMakeLists.txt" />
  </ItemGroup>
  <ItemGroup>
    <Filter Include="Source Files">
      <UniqueIdentifier>{6DBB26F4-541A-32B8-A7C3-42463E2EFDBD}</UniqueIdentifier>
    </Filter>
  </ItemGroup>
</Project>
